
Microsoft Visual Studio Solution File, Format Version 12.00
# Visual Studio 15
VisualStudioVersion = 15.0.28307.421
MinimumVisualStudioVersion = 10.0.40219.1
Project("{FAE04EC0-301F-11D3-BF4B-00C04F79EFBC}") = "VariasStrings", "VariasStrings\VariasStrings.csproj", "{8D19EF41-EB6B-4ED2-9149-9FEB9AF1EE2A}"
EndProject
Global
	GlobalSection(SolutionConfigurationPlatforms) = preSolution
		Debug|Any CPU = Debug|Any CPU
		Release|Any CPU = Release|Any CPU
	EndGlobalSection
	GlobalSection(ProjectConfigurationPlatforms) = postSolution
		{8D19EF41-EB6B-4ED2-9149-9FEB9AF1EE2A}.Debug|Any CPU.ActiveCfg = Debug|Any CPU
		{8D19EF41-EB6B-4ED2-9149-9FEB9AF1EE2A}.Debug|Any CPU.Build.0 = Debug|Any CPU
		{8D19EF41-EB6B-4ED2-9149-9FEB9AF1EE2A}.Release|Any CPU.ActiveCfg = Release|Any CPU
		{8D19EF41-EB6B-4ED2-9149-9FEB9AF1EE2A}.Release|Any CPU.Build.0 = Release|Any CPU
	EndGlobalSection
	GlobalSection(SolutionProperties) = preSolution
		HideSolutionNode = FALSE
	EndGlobalSection
	GlobalSection(ExtensibilityGlobals) = postSolution
		SolutionGuid = {321D4EC2-FDDD-4788-BE3F-092326F15AD0}
	EndGlobalSection
EndGlobal
